{
  "name": "IWR-labubu",
  "lockfileVersion": 3,
  "requires": true,
  "packages": {
    "": {
      "dependencies": {
        "@heroicons/react": "^2.2.0",
        "@paypal/checkout-server-sdk": "^1.0.3",
        "@paypal/react-paypal-js": "^8.8.3",
        "cors": "^2.8.5",
        "dotenv": "^17.0.1",
        "nodemailer": "^7.0.5"
      },
      "devDependencies": {
        "@types/nodemailer": "^6.4.17"
      }
    },
    "node_modules/@heroicons/react": {
      "version": "2.2.0",
      "resolved": "https://registry.npmjs.org/@heroicons/react/-/react-2.2.0.tgz",
      "integrity": "sha512-LMcepvRaS9LYHJGsF0zzmgKCUim/X3N/DQKc4jepAXJ7l8QxJ1PmxJzqplF2Z3FE4PqBAIGyJAQ/w4B5dsqbtQ==",
      "license": "MIT",
      "peerDependencies": {
        "react": ">= 16 || ^19.0.0-rc"
      }
    },
    "node_modules/@paypal/checkout-server-sdk": {
      "version": "1.0.3",
      "resolved": "https://registry.npmjs.org/@paypal/checkout-server-sdk/-/checkout-server-sdk-1.0.3.tgz",
      "integrity": "sha512-UEdq8akEdMz0Vs4qoQFU2gMp8PpyE/HKyMwiZuK4vIWUKl8jfd1fWKjQN5cDFm9NkFUIp5U7h++rdMOVj9WMNA==",
      "deprecated": "Package no longer supported. The author suggests using the @paypal/paypal-server-sdk package instead: https://www.npmjs.com/package/@paypal/paypal-server-sdk. Contact Support at https://www.npmjs.com/support for more info.",
      "license": "SEE LICENSE IN https://github.com/paypal/Checkout-NodeJS-SDK/blob/master/LICENSE",
      "dependencies": {
        "@paypal/paypalhttp": "^1.0.1"
      },
      "engines": {
        "node": ">=8"
      }
    },
    "node_modules/@paypal/paypal-js": {
      "version": "8.2.0",
      "resolved": "https://registry.npmjs.org/@paypal/paypal-js/-/paypal-js-8.2.0.tgz",
      "integrity": "sha512-hLg5wNORW3WiyMiRNJOm6cN2IqjPlClpxd971bEdm0LNpbbejQZYtesb0/0arTnySSbGcxg7MxjkZ/N5Z5qBNQ==",
      "license": "Apache-2.0",
      "dependencies": {
        "promise-polyfill": "^8.3.0"
      }
    },
    "node_modules/@paypal/paypalhttp": {
      "version": "1.0.1",
      "resolved": "https://registry.npmjs.org/@paypal/paypalhttp/-/paypalhttp-1.0.1.tgz",
      "integrity": "sha512-DC7AHxTT7drF6dUi3YaFdPVuT15sIkpD5H2eHmdtFgxM4UanS1o1ZDfMhR9mpxd8o+X6pz2r+EZVRRq+n1cssQ==",
      "license": "MIT",
      "engines": {
        "node": ">=4"
      }
    },
    "node_modules/@paypal/react-paypal-js": {
      "version": "8.8.3",
      "resolved": "https://registry.npmjs.org/@paypal/react-paypal-js/-/react-paypal-js-8.8.3.tgz",
      "integrity": "sha512-H5s3EU7S+RFaLad3BmV9nSAmD3iaJI14mCtbngpqMm4ruMNGHjOTaSTX3jAAk/ghmzGAda2GMfyiYondO4F21Q==",
      "license": "Apache-2.0",
      "dependencies": {
        "@paypal/paypal-js": "^8.1.2",
        "@paypal/sdk-constants": "^1.0.122"
      },
      "peerDependencies": {
        "react": "^16.8.0 || ^17 || ^18 || ^19",
        "react-dom": "^16.8.0 || ^17 || ^18 || ^19"
      }
    },
    "node_modules/@paypal/sdk-constants": {
      "version": "1.0.154",
      "resolved": "https://registry.npmjs.org/@paypal/sdk-constants/-/sdk-constants-1.0.154.tgz",
      "integrity": "sha512-Bd5gzP23s/lbj2VZYVpwu+aOE9ZWa6O3DmKSlWe9ymnpI5S8UIppllh3bxqsGH39mOtO7ZzCKsiqbqot+yYeIw==",
      "license": "Apache-2.0",
      "dependencies": {
        "hi-base32": "^0.5.0"
      }
    },
    "node_modules/@types/node": {
      "version": "24.0.10",
      "resolved": "https://registry.npmjs.org/@types/node/-/node-24.0.10.tgz",
      "integrity": "sha512-ENHwaH+JIRTDIEEbDK6QSQntAYGtbvdDXnMXnZaZ6k13Du1dPMmprkEHIL7ok2Wl2aZevetwTAb5S+7yIF+enA==",
      "dev": true,
      "license": "MIT",
      "dependencies": {
        "undici-types": "~7.8.0"
      }
    },
    "node_modules/@types/nodemailer": {
      "version": "6.4.17",
      "resolved": "https://registry.npmjs.org/@types/nodemailer/-/nodemailer-6.4.17.tgz",
      "integrity": "sha512-I9CCaIp6DTldEg7vyUTZi8+9Vo0hi1/T8gv3C89yk1rSAAzoKQ8H8ki/jBYJSFoH/BisgLP8tkZMlQ91CIquww==",
      "dev": true,
      "license": "MIT",
      "dependencies": {
        "@types/node": "*"
      }
    },
    "node_modules/cors": {
      "version": "2.8.5",
      "resolved": "https://registry.npmjs.org/cors/-/cors-2.8.5.tgz",
      "integrity": "sha512-KIHbLJqu73RGr/hnbrO9uBeixNGuvSQjul/jdFvS/KFSIH1hWVd1ng7zOHx+YrEfInLG7q4n6GHQ9cDtxv/P6g==",
      "license": "MIT",
      "dependencies": {
        "object-assign": "^4",
        "vary": "^1"
      },
      "engines": {
        "node": ">= 0.10"
      }
    },
    "node_modules/dotenv": {
      "version": "17.1.0",
      "resolved": "https://registry.npmjs.org/dotenv/-/dotenv-17.1.0.tgz",
      "integrity": "sha512-tG9VUTJTuju6GcXgbdsOuRhupE8cb4mRgY5JLRCh4MtGoVo3/gfGUtOMwmProM6d0ba2mCFvv+WrpYJV6qgJXQ==",
      "license": "BSD-2-Clause",
      "engines": {
        "node": ">=12"
      },
      "funding": {
        "url": "https://dotenvx.com"
      }
    },
    "node_modules/hi-base32": {
      "version": "0.5.1",
      "resolved": "https://registry.npmjs.org/hi-base32/-/hi-base32-0.5.1.tgz",
      "integrity": "sha512-EmBBpvdYh/4XxsnUybsPag6VikPYnN30td+vQk+GI3qpahVEG9+gTkG0aXVxTjBqQ5T6ijbWIu77O+C5WFWsnA==",
      "license": "MIT"
    },
    "node_modules/nodemailer": {
      "version": "7.0.5",
      "resolved": "https://registry.npmjs.org/nodemailer/-/nodemailer-7.0.5.tgz",
      "integrity": "sha512-nsrh2lO3j4GkLLXoeEksAMgAOqxOv6QumNRVQTJwKH4nuiww6iC2y7GyANs9kRAxCexg3+lTWM3PZ91iLlVjfg==",
      "license": "MIT-0",
      "engines": {
        "node": ">=6.0.0"
      }
    },
    "node_modules/object-assign": {
      "version": "4.1.1",
      "resolved": "https://registry.npmjs.org/object-assign/-/object-assign-4.1.1.tgz",
      "integrity": "sha512-rJgTQnkUnH1sFw8yT6VSU3zD3sWmu6sZhIseY8VX+GRu3P6F7Fu+JNDoXfklElbLJSnc3FUQHVe4cU5hj+BcUg==",
      "license": "MIT",
      "engines": {
        "node": ">=0.10.0"
      }
    },
    "node_modules/promise-polyfill": {
      "version": "8.3.0",
      "resolved": "https://registry.npmjs.org/promise-polyfill/-/promise-polyfill-8.3.0.tgz",
      "integrity": "sha512-H5oELycFml5yto/atYqmjyigJoAo3+OXwolYiH7OfQuYlAqhxNvTfiNMbV9hsC6Yp83yE5r2KTVmtrG6R9i6Pg==",
      "license": "MIT"
    },
    "node_modules/react": {
      "version": "19.1.0",
      "resolved": "https://registry.npmjs.org/react/-/react-19.1.0.tgz",
      "integrity": "sha512-FS+XFBNvn3GTAWq26joslQgWNoFu08F4kl0J4CgdNKADkdSGXQyTCnKteIAJy96Br6YbpEU1LSzV5dYtjMkMDg==",
      "license": "MIT",
      "peer": true,
      "engines": {
        "node": ">=0.10.0"
      }
    },
    "node_modules/react-dom": {
      "version": "19.1.0",
      "resolved": "https://registry.npmjs.org/react-dom/-/react-dom-19.1.0.tgz",
      "integrity": "sha512-Xs1hdnE+DyKgeHJeJznQmYMIBG3TKIHJJT95Q58nHLSrElKlGQqDTR2HQ9fx5CN/Gk6Vh/kupBTDLU11/nDk/g==",
      "license": "MIT",
      "peer": true,
      "dependencies": {
        "scheduler": "^0.26.0"
      },
      "peerDependencies": {
        "react": "^19.1.0"
      }
    },
    "node_modules/scheduler": {
      "version": "0.26.0",
      "resolved": "https://registry.npmjs.org/scheduler/-/scheduler-0.26.0.tgz",
      "integrity": "sha512-NlHwttCI/l5gCPR3D1nNXtWABUmBwvZpEQiD4IXSbIDq8BzLIK/7Ir5gTFSGZDUu37K5cMNp0hFtzO38sC7gWA==",
      "license": "MIT",
      "peer": true
    },
    "node_modules/undici-types": {
      "version": "7.8.0",
      "resolved": "https://registry.npmjs.org/undici-types/-/undici-types-7.8.0.tgz",
      "integrity": "sha512-9UJ2xGDvQ43tYyVMpuHlsgApydB8ZKfVYTsLDhXkFL/6gfkp+U8xTGdh8pMJv1SpZna0zxG1DwsKZsreLbXBxw==",
      "dev": true,
      "license": "MIT"
    },
    "node_modules/vary": {
      "version": "1.1.2",
      "resolved": "https://registry.npmjs.org/vary/-/vary-1.1.2.tgz",
      "integrity": "sha512-BNGbWLfd0eUPabhkXUVm0j8uuvREyTh5ovRa/dyow/BqAbZJyC+5fU+IzQOzmAKzYqYRAISoRhdQr3eIZ/PXqg==",
      "license": "MIT",
      "engines": {
        "node": ">= 0.8"
      }
    }
  }
}
